// !$*UTF8*$!
{
	archiveVersion = 1;
	classes = {
	};
	objectVersion = 50;
	objects = {

/* Begin PBXBuildFile section */
		E9D2FEA322AFF84300EDDECB /* AppleSignIn.h in Headers */ = {isa = PBXBuildFile; fileRef = E9D2FEA122AFF84300EDDECB /* AppleSignIn.h */; settings = {ATTRIBUTES = (Public, ); }; };
		E9D2FEAD22AFFA3200EDDECB /* AppleLoginManager.swift in Sources */ = {isa = PBXBuildFile; fileRef = E9D2FEAC22AFFA3200EDDECB /* AppleLoginManager.swift */; };
		E9D2FEB022AFFBB100EDDECB /* AppleLoginButton.swift in Sources */ = {isa = PBXBuildFile; fileRef = E9D2FEAF22AFFBB100EDDECB /* AppleLoginButton.swift */; };
		E9D2FEB222AFFE6600EDDECB /* AppleLoginButtonType.swift in Sources */ = {isa = PBXBuildFile; fileRef = E9D2FEB122AFFE6600EDDECB /* AppleLoginButtonType.swift */; };
		E9D2FEB422AFFEAC00EDDECB /* AppleLoginButtonStyle.swift in Sources */ = {isa = PBXBuildFile; fileRef = E9D2FEB322AFFEAC00EDDECB /* AppleLoginButtonStyle.swift */; };
		E9D2FEB722B002A600EDDECB /* UIWindow.swift in Sources */ = {isa = PBXBuildFile; fileRef = E9D2FEB622B002A600EDDECB /* UIWindow.swift */; };
		E9D2FEB922B0031B00EDDECB /* AppleLoginManagerDelegate.swift in Sources */ = {isa = PBXBuildFile; fileRef = E9D2FEB822B0031B00EDDECB /* AppleLoginManagerDelegate.swift */; };
		E9D2FEBC22B0046200EDDECB /* AppleUser.swift in Sources */ = {isa = PBXBuildFile; fileRef = E9D2FEBB22B0046200EDDECB /* AppleUser.swift */; };
		E9D2FEBE22B0E89100EDDECB /* AppleLoginButtonDelegate.swift in Sources */ = {isa = PBXBuildFile; fileRef = E9D2FEBD22B0E89100EDDECB /* AppleLoginButtonDelegate.swift */; };
/* End PBXBuildFile section */

/* Begin PBXFileReference section */
		E9D2FE9E22AFF84300EDDECB /* AppleSignIn.framework */ = {isa = PBXFileReference; explicitFileType = wrapper.framework; includeInIndex = 0; path = AppleSignIn.framework; sourceTree = BUILT_PRODUCTS_DIR; };
		E9D2FEA122AFF84300EDDECB /* AppleSignIn.h */ = {isa = PBXFileReference; lastKnownFileType = sourcecode.c.h; path = AppleSignIn.h; sourceTree = "<group>"; };
		E9D2FEA222AFF84300EDDECB /* Info.plist */ = {isa = PBXFileReference; lastKnownFileType = text.plist.xml; path = Info.plist; sourceTree = "<group>"; };
		E9D2FEAC22AFFA3200EDDECB /* AppleLoginManager.swift */ = {isa = PBXFileReference; lastKnownFileType = sourcecode.swift; path = AppleLoginManager.swift; sourceTree = "<group>"; };
		E9D2FEAF22AFFBB100EDDECB /* AppleLoginButton.swift */ = {isa = PBXFileReference; lastKnownFileType = sourcecode.swift; path = AppleLoginButton.swift; sourceTree = "<group>"; };
		E9D2FEB122AFFE6600EDDECB /* AppleLoginButtonType.swift */ = {isa = PBXFileReference; lastKnownFileType = sourcecode.swift; path = AppleLoginButtonType.swift; sourceTree = "<group>"; };
		E9D2FEB322AFFEAC00EDDECB /* AppleLoginButtonStyle.swift */ = {isa = PBXFileReference; lastKnownFileType = sourcecode.swift; path = AppleLoginButtonStyle.swift; sourceTree = "<group>"; };
		E9D2FEB622B002A600EDDECB /* UIWindow.swift */ = {isa = PBXFileReference; lastKnownFileType = sourcecode.swift; path = UIWindow.swift; sourceTree = "<group>"; };
		E9D2FEB822B0031B00EDDECB /* AppleLoginManagerDelegate.swift */ = {isa = PBXFileReference; lastKnownFileType = sourcecode.swift; path = AppleLoginManagerDelegate.swift; sourceTree = "<group>"; };
		E9D2FEBB22B0046200EDDECB /* AppleUser.swift */ = {isa = PBXFileReference; lastKnownFileType = sourcecode.swift; path = AppleUser.swift; sourceTree = "<group>"; };
		E9D2FEBD22B0E89100EDDECB /* AppleLoginButtonDelegate.swift */ = {isa = PBXFileReference; lastKnownFileType = sourcecode.swift; path = AppleLoginButtonDelegate.swift; sourceTree = "<group>"; };
/* End PBXFileReference section */

/* Begin PBXFrameworksBuildPhase section */
		E9D2FE9B22AFF84300EDDECB /* Frameworks */ = {
			isa = PBXFrameworksBuildPhase;
			buildActionMask = 2147483647;
			files = (
			);
			runOnlyForDeploymentPostprocessing = 0;
		};
/* End PBXFrameworksBuildPhase section */

/* Begin PBXGroup section */
		E9D2FE9422AFF84300EDDECB = {
			isa = PBXGroup;
			children = (
				E9D2FEA022AFF84300EDDECB /* AppleSignIn */,
				E9D2FE9F22AFF84300EDDECB /* Products */,
			);
			sourceTree = "<group>";
		};
		E9D2FE9F22AFF84300EDDECB /* Products */ = {
			isa = PBXGroup;
			children = (
				E9D2FE9E22AFF84300EDDECB /* AppleSignIn.framework */,
			);
			name = Products;
			sourceTree = "<group>";
		};
		E9D2FEA022AFF84300EDDECB /* AppleSignIn */ = {
			isa = PBXGroup;
			children = (
				E9D2FEAA22AFF9D700EDDECB /* Sources */,
				E9D2FEA922AFF85800EDDECB /* Other */,
			);
			path = AppleSignIn;
			sourceTree = "<group>";
		};
		E9D2FEA922AFF85800EDDECB /* Other */ = {
			isa = PBXGroup;
			children = (
				E9D2FEA122AFF84300EDDECB /* AppleSignIn.h */,
				E9D2FEA222AFF84300EDDECB /* Info.plist */,
			);
			path = Other;
			sourceTree = "<group>";
		};
		E9D2FEAA22AFF9D700EDDECB /* Sources */ = {
			isa = PBXGroup;
			children = (
				E9D2FEAE22AFFBA600EDDECB /* UI */,
				E9D2FEAB22AFFA2500EDDECB /* LoginManager */,
				E9D2FEBA22B0045600EDDECB /* User */,
				E9D2FEB522B0028100EDDECB /* Extensions */,
			);
			path = Sources;
			sourceTree = "<group>";
		};
		E9D2FEAB22AFFA2500EDDECB /* LoginManager */ = {
			isa = PBXGroup;
			children = (
				E9D2FEAC22AFFA3200EDDECB /* AppleLoginManager.swift */,
				E9D2FEB822B0031B00EDDECB /* AppleLoginManagerDelegate.swift */,
			);
			path = LoginManager;
			sourceTree = "<group>";
		};
		E9D2FEAE22AFFBA600EDDECB /* UI */ = {
			isa = PBXGroup;
			children = (
				E9D2FEAF22AFFBB100EDDECB /* AppleLoginButton.swift */,
				E9D2FEB122AFFE6600EDDECB /* AppleLoginButtonType.swift */,
				E9D2FEB322AFFEAC00EDDECB /* AppleLoginButtonStyle.swift */,
				E9D2FEBD22B0E89100EDDECB /* AppleLoginButtonDelegate.swift */,
			);
			path = UI;
			sourceTree = "<group>";
		};
		E9D2FEB522B0028100EDDECB /* Extensions */ = {
			isa = PBXGroup;
			children = (
				E9D2FEB622B002A600EDDECB /* UIWindow.swift */,
			);
			path = Extensions;
			sourceTree = "<group>";
		};
		E9D2FEBA22B0045600EDDECB /* User */ = {
			isa = PBXGroup;
			children = (
				E9D2FEBB22B0046200EDDECB /* AppleUser.swift */,
			);
			path = User;
			sourceTree = "<group>";
		};
/* End PBXGroup section */

/* Begin PBXHeadersBuildPhase section */
		E9D2FE9922AFF84300EDDECB /* Headers */ = {
			isa = PBXHeadersBuildPhase;
			buildActionMask = 2147483647;
			files = (
				E9D2FEA322AFF84300EDDECB /* AppleSignIn.h in Headers */,
			);
			runOnlyForDeploymentPostprocessing = 0;
		};
/* End PBXHeadersBuildPhase section */

/* Begin PBXNativeTarget section */
		E9D2FE9D22AFF84300EDDECB /* AppleSignIn */ = {
			isa = PBXNativeTarget;
			buildConfigurationList = E9D2FEA622AFF84300EDDECB /* Build configuration list for PBXNativeTarget "AppleSignIn" */;
			buildPhases = (
				E9D2FE9922AFF84300EDDECB /* Headers */,
				E9D2FE9A22AFF84300EDDECB /* Sources */,
				E9D2FE9B22AFF84300EDDECB /* Frameworks */,
				E9D2FE9C22AFF84300EDDECB /* Resources */,
			);
			buildRules = (
			);
			dependencies = (
			);
			name = AppleSignIn;
			productName = AppleSignIn;
			productReference = E9D2FE9E22AFF84300EDDECB /* AppleSignIn.framework */;
			productType = "com.apple.product-type.framework";
		};
/* End PBXNativeTarget section */

/* Begin PBXProject section */
		E9D2FE9522AFF84300EDDECB /* Project object */ = {
			isa = PBXProject;
			attributes = {
				LastUpgradeCheck = 1100;
				ORGANIZATIONNAME = "Apple Sign In";
				TargetAttributes = {
					E9D2FE9D22AFF84300EDDECB = {
						CreatedOnToolsVersion = 11.0;
						LastSwiftMigration = 1100;
					};
				};
			};
			buildConfigurationList = E9D2FE9822AFF84300EDDECB /* Build configuration list for PBXProject "AppleSignIn" */;
			compatibilityVersion = "Xcode 9.3";
			developmentRegion = en;
			hasScannedForEncodings = 0;
			knownRegions = (
				en,
				Base,
			);
			mainGroup = E9D2FE9422AFF84300EDDECB;
			productRefGroup = E9D2FE9F22AFF84300EDDECB /* Products */;
			projectDirPath = "";
			projectRoot = "";
			targets = (
				E9D2FE9D22AFF84300EDDECB /* AppleSignIn */,
			);
		};
/* End PBXProject section */

/* Begin PBXResourcesBuildPhase section */
		E9D2FE9C22AFF84300EDDECB /* Resources */ = {
			isa = PBXResourcesBuildPhase;
			buildActionMask = 2147483647;
			files = (
			);
			runOnlyForDeploymentPostprocessing = 0;
		};
/* End PBXResourcesBuildPhase section */

/* Begin PBXSourcesBuildPhase section */
		E9D2FE9A22AFF84300EDDECB /* Sources */ = {
			isa = PBXSourcesBuildPhase;
			buildActionMask = 2147483647;
			files = (
				E9D2FEB022AFFBB100EDDECB /* AppleLoginButton.swift in Sources */,
				E9D2FEBC22B0046200EDDECB /* AppleUser.swift in Sources */,
				E9D2FEB222AFFE6600EDDECB /* AppleLoginButtonType.swift in Sources */,
				E9D2FEBE22B0E89100EDDECB /* AppleLoginButtonDelegate.swift in Sources */,
				E9D2FEB422AFFEAC00EDDECB /* AppleLoginButtonStyle.swift in Sources */,
				E9D2FEB922B0031B00EDDECB /* AppleLoginManagerDelegate.swift in Sources */,
				E9D2FEAD22AFFA3200EDDECB /* AppleLoginManager.swift in Sources */,
				E9D2FEB722B002A600EDDECB /* UIWindow.swift in Sources */,
			);
			runOnlyForDeploymentPostprocessing = 0;
		};
/* End PBXSourcesBuildPhase section */

/* Begin XCBuildConfiguration section */
		E9D2FEA422AFF84300EDDECB /* Debug */ = {
			isa = XCBuildConfiguration;
			buildSettings = {
				ALWAYS_SEARCH_USER_PATHS = NO;
				CLANG_ANALYZER_NONNULL = YES;
				CLANG_ANALYZER_NUMBER_OBJECT_CONVERSION = YES_AGGRESSIVE;
				CLANG_CXX_LANGUAGE_STANDARD = "gnu++14";
				CLANG_CXX_LIBRARY = "libc++";
				CLANG_ENABLE_MODULES = YES;
				CLANG_ENABLE_OBJC_ARC = YES;
				CLANG_ENABLE_OBJC_WEAK = YES;
				CLANG_WARN_BLOCK_CAPTURE_AUTORELEASING = YES;
				CLANG_WARN_BOOL_CONVERSION = YES;
				CLANG_WARN_COMMA = YES;
				CLANG_WARN_CONSTANT_CONVERSION = YES;
				CLANG_WARN_DEPRECATED_OBJC_IMPLEMENTATIONS = YES;
				CLANG_WARN_DIRECT_OBJC_ISA_USAGE = YES_ERROR;
				CLANG_WARN_DOCUMENTATION_COMMENTS = YES;
				CLANG_WARN_EMPTY_BODY = YES;
				CLANG_WARN_ENUM_CONVERSION = YES;
				CLANG_WARN_INFINITE_RECURSION = YES;
				CLANG_WARN_INT_CONVERSION = YES;
				CLANG_WARN_NON_LITERAL_NULL_CONVERSION = YES;
				CLANG_WARN_OBJC_IMPLICIT_RETAIN_SELF = YES;
				CLANG_WARN_OBJC_LITERAL_CONVERSION = YES;
				CLANG_WARN_OBJC_ROOT_CLASS = YES_ERROR;
				CLANG_WARN_RANGE_LOOP_ANALYSIS = YES;
				CLANG_WARN_STRICT_PROTOTYPES = YES;
				CLANG_WARN_SUSPICIOUS_MOVE = YES;
				CLANG_WARN_UNGUARDED_AVAILABILITY = YES_AGGRESSIVE;
				CLANG_WARN_UNREACHABLE_CODE = YES;
				CLANG_WARN__DUPLICATE_METHOD_MATCH = YES;
				COPY_PHASE_STRIP = NO;
				CURRENT_PROJECT_VERSION = 1;
				DEBUG_INFORMATION_FORMAT = dwarf;
				ENABLE_STRICT_OBJC_MSGSEND = YES;
				ENABLE_TESTABILITY = YES;
				GCC_C_LANGUAGE_STANDARD = gnu11;
				GCC_DYNAMIC_NO_PIC = NO;
				GCC_NO_COMMON_BLOCKS = YES;
				GCC_OPTIMIZATION_LEVEL = 0;
				GCC_PREPROCESSOR_DEFINITIONS = (
					"DEBUG=1",
					"$(inherited)",
				);
				GCC_WARN_64_TO_32_BIT_CONVERSION = YES;
				GCC_WARN_ABOUT_RETURN_TYPE = YES_ERROR;
				GCC_WARN_UNDECLARED_SELECTOR = YES;
				GCC_WARN_UNINITIALIZED_AUTOS = YES_AGGRESSIVE;
				GCC_WARN_UNUSED_FUNCTION = YES;
				GCC_WARN_UNUSED_VARIABLE = YES;
				IPHONEOS_DEPLOYMENT_TARGET = 13.0;
				MTL_ENABLE_DEBUG_INFO = INCLUDE_SOURCE;
				MTL_FAST_MATH = YES;
				ONLY_ACTIVE_ARCH = YES;
				SDKROOT = iphoneos;
				SWIFT_ACTIVE_COMPILATION_CONDITIONS = DEBUG;
				SWIFT_OPTIMIZATION_LEVEL = "-Onone";
				VERSIONING_SYSTEM = "apple-generic";
				VERSION_INFO_PREFIX = "";
			};
			name = Debug;
		};
		E9D2FEA522AFF84300EDDECB /* Release */ = {
			isa = XCBuildConfiguration;
			buildSettings = {
				ALWAYS_SEARCH_USER_PATHS = NO;
				CLANG_ANALYZER_NONNULL = YES;
				CLANG_ANALYZER_NUMBER_OBJECT_CONVERSION = YES_AGGRESSIVE;
				CLANG_CXX_LANGUAGE_STANDARD = "gnu++14";
				CLANG_CXX_LIBRARY = "libc++";
				CLANG_ENABLE_MODULES = YES;
				CLANG_ENABLE_OBJC_ARC = YES;
				CLANG_ENABLE_OBJC_WEAK = YES;
				CLANG_WARN_BLOCK_CAPTURE_AUTORELEASING = YES;
				CLANG_WARN_BOOL_CONVERSION = YES;
				CLANG_WARN_COMMA = YES;
				CLANG_WARN_CONSTANT_CONVERSION = YES;
				CLANG_WARN_DEPRECATED_OBJC_IMPLEMENTATIONS = YES;
				CLANG_WARN_DIRECT_OBJC_ISA_USAGE = YES_ERROR;
				CLANG_WARN_DOCUMENTATION_COMMENTS = YES;
				CLANG_WARN_EMPTY_BODY = YES;
				CLANG_WARN_ENUM_CONVERSION = YES;
				CLANG_WARN_INFINITE_RECURSION = YES;
				CLANG_WARN_INT_CONVERSION = YES;
				CLANG_WARN_NON_LITERAL_NULL_CONVERSION = YES;
				CLANG_WARN_OBJC_IMPLICIT_RETAIN_SELF = YES;
				CLANG_WARN_OBJC_LITERAL_CONVERSION = YES;
				CLANG_WARN_OBJC_ROOT_CLASS = YES_ERROR;
				CLANG_WARN_RANGE_LOOP_ANALYSIS = YES;
				CLANG_WARN_STRICT_PROTOTYPES = YES;
				CLANG_WARN_SUSPICIOUS_MOVE = YES;
				CLANG_WARN_UNGUARDED_AVAILABILITY = YES_AGGRESSIVE;
				CLANG_WARN_UNREACHABLE_CODE = YES;
				CLANG_WARN__DUPLICATE_METHOD_MATCH = YES;
				COPY_PHASE_STRIP = NO;
				CURRENT_PROJECT_VERSION = 1;
				DEBUG_INFORMATION_FORMAT = "dwarf-with-dsym";
				ENABLE_NS_ASSERTIONS = NO;
				ENABLE_STRICT_OBJC_MSGSEND = YES;
				GCC_C_LANGUAGE_STANDARD = gnu11;
				GCC_NO_COMMON_BLOCKS = YES;
				GCC_WARN_64_TO_32_BIT_CONVERSION = YES;
				GCC_WARN_ABOUT_RETURN_TYPE = YES_ERROR;
				GCC_WARN_UNDECLARED_SELECTOR = YES;
				GCC_WARN_UNINITIALIZED_AUTOS = YES_AGGRESSIVE;
				GCC_WARN_UNUSED_FUNCTION = YES;
				GCC_WARN_UNUSED_VARIABLE = YES;
				IPHONEOS_DEPLOYMENT_TARGET = 13.0;
				MTL_ENABLE_DEBUG_INFO = NO;
				MTL_FAST_MATH = YES;
				SDKROOT = iphoneos;
				SWIFT_COMPILATION_MODE = wholemodule;
				SWIFT_OPTIMIZATION_LEVEL = "-O";
				VALIDATE_PRODUCT = YES;
				VERSIONING_SYSTEM = "apple-generic";
				VERSION_INFO_PREFIX = "";
			};
			name = Release;
		};
		E9D2FEA722AFF84300EDDECB /* Debug */ = {
			isa = XCBuildConfiguration;
			buildSettings = {
				CLANG_ENABLE_MODULES = YES;
				CODE_SIGN_STYLE = Automatic;
				DEFINES_MODULE = YES;
				DEVELOPMENT_TEAM = 8H5NNLY7AA;
				DYLIB_COMPATIBILITY_VERSION = 1;
				DYLIB_CURRENT_VERSION = 1;
				DYLIB_INSTALL_NAME_BASE = "@rpath";
				INFOPLIST_FILE = AppleSignIn/Other/Info.plist;
				INSTALL_PATH = "$(LOCAL_LIBRARY_DIR)/Frameworks";
				LD_RUNPATH_SEARCH_PATHS = (
					"$(inherited)",
					"@executable_path/Frameworks",
					"@loader_path/Frameworks",
				);
				PRODUCT_BUNDLE_IDENTIFIER = com.applesignin.AppleSignIn;
				PRODUCT_NAME = "$(TARGET_NAME:c99extidentifier)";
				SKIP_INSTALL = YES;
				SWIFT_OPTIMIZATION_LEVEL = "-Onone";
				SWIFT_VERSION = 5.0;
				TARGETED_DEVICE_FAMILY = "1,2";
			};
			name = Debug;
		};
		E9D2FEA822AFF84300EDDECB /* Release */ = {
			isa = XCBuildConfiguration;
			buildSettings = {
				CLANG_ENABLE_MODULES = YES;
				CODE_SIGN_STYLE = Automatic;
				DEFINES_MODULE = YES;
				DEVELOPMENT_TEAM = 8H5NNLY7AA;
				DYLIB_COMPATIBILITY_VERSION = 1;
				DYLIB_CURRENT_VERSION = 1;
				DYLIB_INSTALL_NAME_BASE = "@rpath";
				INFOPLIST_FILE = AppleSignIn/Other/Info.plist;
				INSTALL_PATH = "$(LOCAL_LIBRARY_DIR)/Frameworks";
				LD_RUNPATH_SEARCH_PATHS = (
					"$(inherited)",
					"@executable_path/Frameworks",
					"@loader_path/Frameworks",
				);
				PRODUCT_BUNDLE_IDENTIFIER = com.applesignin.AppleSignIn;
				PRODUCT_NAME = "$(TARGET_NAME:c99extidentifier)";
				SKIP_INSTALL = YES;
				SWIFT_VERSION = 5.0;
				TARGETED_DEVICE_FAMILY = "1,2";
			};
			name = Release;
		};
/* End XCBuildConfiguration section */

/* Begin XCConfigurationList section */
		E9D2FE9822AFF84300EDDECB /* Build configuration list for PBXProject "AppleSignIn" */ = {
			isa = XCConfigurationList;
			buildConfigurations = (
				E9D2FEA422AFF84300EDDECB /* Debug */,
				E9D2FEA522AFF84300EDDECB /* Release */,
			);
			defaultConfigurationIsVisible = 0;
			defaultConfigurationName = Release;
		};
		E9D2FEA622AFF84300EDDECB /* Build configuration list for PBXNativeTarget "AppleSignIn" */ = {
			isa = XCConfigurationList;
			buildConfigurations = (
				E9D2FEA722AFF84300EDDECB /* Debug */,
				E9D2FEA822AFF84300EDDECB /* Release */,
			);
			defaultConfigurationIsVisible = 0;
			defaultConfigurationName = Release;
		};
/* End XCConfigurationList section */
	};
	rootObject = E9D2FE9522AFF84300EDDECB /* Project object */;
}
